
Microsoft Visual Studio Solution File, Format Version 12.00
# Visual Studio Version 17
VisualStudioVersion = 17.5.002.0
MinimumVisualStudioVersion = 10.0.40219.1
Project("{2150E333-8FDC-42A3-9474-1A3956D46DE8}") = "sandbox", "sandbox", "{FA9C9DE0-24BD-432B-AE87-C145BE629903}"
EndProject
Project("{9A19103F-16F7-4668-BE54-9A1E7A4F7556}") = "sandbox_project", "sandbox\sandbox_project\sandbox_project.csproj", "{053E8AD3-3C79-4A30-9486-13E2C496EE13}"
EndProject
Project("{2150E333-8FDC-42A3-9474-1A3956D46DE8}") = "week01", "week01", "{3E80A066-DA4D-430A-85A7-1121A36550BF}"
EndProject
Project("{9A19103F-16F7-4668-BE54-9A1E7A4F7556}") = "analyze", "week01\analyze\analyze.csproj", "{BF88076B-FA38-4E54-8798-DDAF8789BFD1}"
EndProject
Project("{9A19103F-16F7-4668-BE54-9A1E7A4F7556}") = "code", "week01\code\code.csproj", "{1941D976-FAB7-4254-B005-3F1BE261807D}"
EndProject
Project("{9A19103F-16F7-4668-BE54-9A1E7A4F7556}") = "teach", "week01\teach\teach.csproj", "{0DA65BA5-897E-4A2F-AC81-AEB266E6BBB0}"
EndProject
Project("{2150E333-8FDC-42A3-9474-1A3956D46DE8}") = "week02", "week02", "{8058A431-AF39-4194-908B-4E34C1AD8565}"
EndProject
Project("{9A19103F-16F7-4668-BE54-9A1E7A4F7556}") = "analyze", "week02\analyze\analyze.csproj", "{26457F7E-EB20-4AB8-B8C3-DBF58AA88251}"
EndProject
Project("{9A19103F-16F7-4668-BE54-9A1E7A4F7556}") = "code", "week02\code\code.csproj", "{E7E2B813-D190-4A89-8955-0C7B6E53E95B}"
EndProject
Project("{9A19103F-16F7-4668-BE54-9A1E7A4F7556}") = "learn", "week02\learn\learn.csproj", "{73AE3329-5660-4D5F-A8F9-239F5276876A}"
EndProject
Project("{9A19103F-16F7-4668-BE54-9A1E7A4F7556}") = "teach", "week02\teach\teach.csproj", "{75399B5A-0ED2-4B1E-93EB-0185F59C4D66}"
EndProject
Project("{2150E333-8FDC-42A3-9474-1A3956D46DE8}") = "week03", "week03", "{AAA6EE07-B5D8-44EB-84CE-2D9FE57E5F15}"
EndProject
Project("{9A19103F-16F7-4668-BE54-9A1E7A4F7556}") = "code", "week03\code\code.csproj", "{A1717EC8-DF41-4214-AC77-C2E980E06ABD}"
EndProject
Project("{9A19103F-16F7-4668-BE54-9A1E7A4F7556}") = "learn", "week03\learn\learn.csproj", "{6B5FD926-C5A6-4C37-967D-5854ACC1BAFE}"
EndProject
Project("{9A19103F-16F7-4668-BE54-9A1E7A4F7556}") = "teach", "week03\teach\teach.csproj", "{E397462A-C96D-4806-9FBD-D1E38943CFAA}"
EndProject
Project("{2150E333-8FDC-42A3-9474-1A3956D46DE8}") = "week04", "week04", "{566CD55C-74E9-4F8B-B3F2-24022F0BE409}"
EndProject
Project("{9A19103F-16F7-4668-BE54-9A1E7A4F7556}") = "code", "week04\code\code.csproj", "{DF9697EA-5301-4932-B460-56E6495CE6FE}"
EndProject
Project("{2150E333-8FDC-42A3-9474-1A3956D46DE8}") = "week05", "week05", "{65B327EE-98C6-4A4E-ABE6-336388B54EF7}"
EndProject
Project("{9A19103F-16F7-4668-BE54-9A1E7A4F7556}") = "code", "week05\code\code.csproj", "{D0C03AF3-AC45-435C-A57E-7E79AB02D003}"
EndProject
Project("{2150E333-8FDC-42A3-9474-1A3956D46DE8}") = "week06", "week06", "{50D274CE-0AD3-4BD2-B83F-A3621BD47290}"
EndProject
Project("{9A19103F-16F7-4668-BE54-9A1E7A4F7556}") = "code", "week06\code\code.csproj", "{DCDCEA10-D88C-41C2-ADE4-F6EA3C77440D}"
EndProject
Global
	GlobalSection(SolutionConfigurationPlatforms) = preSolution
		Debug|Any CPU = Debug|Any CPU
		Release|Any CPU = Release|Any CPU
	EndGlobalSection
	GlobalSection(ProjectConfigurationPlatforms) = postSolution
		{053E8AD3-3C79-4A30-9486-13E2C496EE13}.Debug|Any CPU.ActiveCfg = Debug|Any CPU
		{053E8AD3-3C79-4A30-9486-13E2C496EE13}.Debug|Any CPU.Build.0 = Debug|Any CPU
		{053E8AD3-3C79-4A30-9486-13E2C496EE13}.Release|Any CPU.ActiveCfg = Release|Any CPU
		{053E8AD3-3C79-4A30-9486-13E2C496EE13}.Release|Any CPU.Build.0 = Release|Any CPU
		{BF88076B-FA38-4E54-8798-DDAF8789BFD1}.Debug|Any CPU.ActiveCfg = Debug|Any CPU
		{BF88076B-FA38-4E54-8798-DDAF8789BFD1}.Debug|Any CPU.Build.0 = Debug|Any CPU
		{BF88076B-FA38-4E54-8798-DDAF8789BFD1}.Release|Any CPU.ActiveCfg = Release|Any CPU
		{BF88076B-FA38-4E54-8798-DDAF8789BFD1}.Release|Any CPU.Build.0 = Release|Any CPU
		{1941D976-FAB7-4254-B005-3F1BE261807D}.Debug|Any CPU.ActiveCfg = Debug|Any CPU
		{1941D976-FAB7-4254-B005-3F1BE261807D}.Debug|Any CPU.Build.0 = Debug|Any CPU
		{1941D976-FAB7-4254-B005-3F1BE261807D}.Release|Any CPU.ActiveCfg = Release|Any CPU
		{1941D976-FAB7-4254-B005-3F1BE261807D}.Release|Any CPU.Build.0 = Release|Any CPU
		{0DA65BA5-897E-4A2F-AC81-AEB266E6BBB0}.Debug|Any CPU.ActiveCfg = Debug|Any CPU
		{0DA65BA5-897E-4A2F-AC81-AEB266E6BBB0}.Debug|Any CPU.Build.0 = Debug|Any CPU
		{0DA65BA5-897E-4A2F-AC81-AEB266E6BBB0}.Release|Any CPU.ActiveCfg = Release|Any CPU
		{0DA65BA5-897E-4A2F-AC81-AEB266E6BBB0}.Release|Any CPU.Build.0 = Release|Any CPU
		{26457F7E-EB20-4AB8-B8C3-DBF58AA88251}.Debug|Any CPU.ActiveCfg = Debug|Any CPU
		{26457F7E-EB20-4AB8-B8C3-DBF58AA88251}.Debug|Any CPU.Build.0 = Debug|Any CPU
		{26457F7E-EB20-4AB8-B8C3-DBF58AA88251}.Release|Any CPU.ActiveCfg = Release|Any CPU
		{26457F7E-EB20-4AB8-B8C3-DBF58AA88251}.Release|Any CPU.Build.0 = Release|Any CPU
		{E7E2B813-D190-4A89-8955-0C7B6E53E95B}.Debug|Any CPU.ActiveCfg = Debug|Any CPU
		{E7E2B813-D190-4A89-8955-0C7B6E53E95B}.Debug|Any CPU.Build.0 = Debug|Any CPU
		{E7E2B813-D190-4A89-8955-0C7B6E53E95B}.Release|Any CPU.ActiveCfg = Release|Any CPU
		{E7E2B813-D190-4A89-8955-0C7B6E53E95B}.Release|Any CPU.Build.0 = Release|Any CPU
		{73AE3329-5660-4D5F-A8F9-239F5276876A}.Debug|Any CPU.ActiveCfg = Debug|Any CPU
		{73AE3329-5660-4D5F-A8F9-239F5276876A}.Debug|Any CPU.Build.0 = Debug|Any CPU
		{73AE3329-5660-4D5F-A8F9-239F5276876A}.Release|Any CPU.ActiveCfg = Release|Any CPU
		{73AE3329-5660-4D5F-A8F9-239F5276876A}.Release|Any CPU.Build.0 = Release|Any CPU
		{75399B5A-0ED2-4B1E-93EB-0185F59C4D66}.Debug|Any CPU.ActiveCfg = Debug|Any CPU
		{75399B5A-0ED2-4B1E-93EB-0185F59C4D66}.Debug|Any CPU.Build.0 = Debug|Any CPU
		{75399B5A-0ED2-4B1E-93EB-0185F59C4D66}.Release|Any CPU.ActiveCfg = Release|Any CPU
		{75399B5A-0ED2-4B1E-93EB-0185F59C4D66}.Release|Any CPU.Build.0 = Release|Any CPU
		{A1717EC8-DF41-4214-AC77-C2E980E06ABD}.Debug|Any CPU.ActiveCfg = Debug|Any CPU
		{A1717EC8-DF41-4214-AC77-C2E980E06ABD}.Debug|Any CPU.Build.0 = Debug|Any CPU
		{A1717EC8-DF41-4214-AC77-C2E980E06ABD}.Release|Any CPU.ActiveCfg = Release|Any CPU
		{A1717EC8-DF41-4214-AC77-C2E980E06ABD}.Release|Any CPU.Build.0 = Release|Any CPU
		{6B5FD926-C5A6-4C37-967D-5854ACC1BAFE}.Debug|Any CPU.ActiveCfg = Debug|Any CPU
		{6B5FD926-C5A6-4C37-967D-5854ACC1BAFE}.Debug|Any CPU.Build.0 = Debug|Any CPU
		{6B5FD926-C5A6-4C37-967D-5854ACC1BAFE}.Release|Any CPU.ActiveCfg = Release|Any CPU
		{6B5FD926-C5A6-4C37-967D-5854ACC1BAFE}.Release|Any CPU.Build.0 = Release|Any CPU
		{E397462A-C96D-4806-9FBD-D1E38943CFAA}.Debug|Any CPU.ActiveCfg = Debug|Any CPU
		{E397462A-C96D-4806-9FBD-D1E38943CFAA}.Debug|Any CPU.Build.0 = Debug|Any CPU
		{E397462A-C96D-4806-9FBD-D1E38943CFAA}.Release|Any CPU.ActiveCfg = Release|Any CPU
		{E397462A-C96D-4806-9FBD-D1E38943CFAA}.Release|Any CPU.Build.0 = Release|Any CPU
		{DF9697EA-5301-4932-B460-56E6495CE6FE}.Debug|Any CPU.ActiveCfg = Debug|Any CPU
		{DF9697EA-5301-4932-B460-56E6495CE6FE}.Debug|Any CPU.Build.0 = Debug|Any CPU
		{DF9697EA-5301-4932-B460-56E6495CE6FE}.Release|Any CPU.ActiveCfg = Release|Any CPU
		{DF9697EA-5301-4932-B460-56E6495CE6FE}.Release|Any CPU.Build.0 = Release|Any CPU
		{D0C03AF3-AC45-435C-A57E-7E79AB02D003}.Debug|Any CPU.ActiveCfg = Debug|Any CPU
		{D0C03AF3-AC45-435C-A57E-7E79AB02D003}.Debug|Any CPU.Build.0 = Debug|Any CPU
		{D0C03AF3-AC45-435C-A57E-7E79AB02D003}.Release|Any CPU.ActiveCfg = Release|Any CPU
		{D0C03AF3-AC45-435C-A57E-7E79AB02D003}.Release|Any CPU.Build.0 = Release|Any CPU
		{DCDCEA10-D88C-41C2-ADE4-F6EA3C77440D}.Debug|Any CPU.ActiveCfg = Debug|Any CPU
		{DCDCEA10-D88C-41C2-ADE4-F6EA3C77440D}.Debug|Any CPU.Build.0 = Debug|Any CPU
		{DCDCEA10-D88C-41C2-ADE4-F6EA3C77440D}.Release|Any CPU.ActiveCfg = Release|Any CPU
		{DCDCEA10-D88C-41C2-ADE4-F6EA3C77440D}.Release|Any CPU.Build.0 = Release|Any CPU
	EndGlobalSection
	GlobalSection(SolutionProperties) = preSolution
		HideSolutionNode = FALSE
	EndGlobalSection
	GlobalSection(NestedProjects) = preSolution
		{053E8AD3-3C79-4A30-9486-13E2C496EE13} = {FA9C9DE0-24BD-432B-AE87-C145BE629903}
		{BF88076B-FA38-4E54-8798-DDAF8789BFD1} = {3E80A066-DA4D-430A-85A7-1121A36550BF}
		{1941D976-FAB7-4254-B005-3F1BE261807D} = {3E80A066-DA4D-430A-85A7-1121A36550BF}
		{0DA65BA5-897E-4A2F-AC81-AEB266E6BBB0} = {3E80A066-DA4D-430A-85A7-1121A36550BF}
		{26457F7E-EB20-4AB8-B8C3-DBF58AA88251} = {8058A431-AF39-4194-908B-4E34C1AD8565}
		{E7E2B813-D190-4A89-8955-0C7B6E53E95B} = {8058A431-AF39-4194-908B-4E34C1AD8565}
		{73AE3329-5660-4D5F-A8F9-239F5276876A} = {8058A431-AF39-4194-908B-4E34C1AD8565}
		{75399B5A-0ED2-4B1E-93EB-0185F59C4D66} = {8058A431-AF39-4194-908B-4E34C1AD8565}
		{A1717EC8-DF41-4214-AC77-C2E980E06ABD} = {AAA6EE07-B5D8-44EB-84CE-2D9FE57E5F15}
		{6B5FD926-C5A6-4C37-967D-5854ACC1BAFE} = {AAA6EE07-B5D8-44EB-84CE-2D9FE57E5F15}
		{E397462A-C96D-4806-9FBD-D1E38943CFAA} = {AAA6EE07-B5D8-44EB-84CE-2D9FE57E5F15}
		{DF9697EA-5301-4932-B460-56E6495CE6FE} = {566CD55C-74E9-4F8B-B3F2-24022F0BE409}
		{D0C03AF3-AC45-435C-A57E-7E79AB02D003} = {65B327EE-98C6-4A4E-ABE6-336388B54EF7}
		{DCDCEA10-D88C-41C2-ADE4-F6EA3C77440D} = {50D274CE-0AD3-4BD2-B83F-A3621BD47290}
	EndGlobalSection
	GlobalSection(ExtensibilityGlobals) = postSolution
		SolutionGuid = {24D5494F-DF4F-4051-ACFD-77A3CF84DD16}
	EndGlobalSection
EndGlobal
